github.com/creack/goselect v0.1.2 h1:2DNy14+JPjRBgPzAd1thbQp4BSIihxcBf0IXhQXDRa0=
github.com/creack/goselect v0.1.2/go.mod h1:a/NhLweNvqIYMuxcMOuWY516Cimucms3DglDzQP3hKY=
github.com/davecgh/go-spew v1.1.1 h1:vj9j/u1bqnvCEfJOwUhtlOARqs3+rkHYY13jYWTU97c=
github.com/davecgh/go-spew v1.1.1/go.mod h1:J7Y8YcW2NihsgmVo/mv3lAwl/skON4iLHjSsI+c5H38=
github.com/google/shlex v0.0.0-20191202100458-e7afc7fbc510 h1:El6M4kTTCOh6aBiKaUGG7oYTSPP8MxqL4YI3kZKwcP4=
github.com/google/shlex v0.0.0-20191202100458-e7afc7fbc510/go.mod h1:pupxD2MaaD3pAXIBCelhxNneeOaAeabZDe5s4K6zSpQ=
github.com/nobonobo/irpc v0.0.0-20260702024300-0aa8db983f4b h1:1xSZul4V9AxRBbvaFFY69b2I2A9U4alyaleaVSQCkw0=
github.com/nobonobo/irpc v0.0.0-20260702024300-0aa8db983f4b/go.mod h1:JCeFQRq91KKQ7yXiO6d149cmS1WDO+fi1/UPEJbXSXc=
github.com/nobonobo/q16 v0.0.0-20260629173311-acacaa779693 h1:9OjnTrM4IYNLVOvn5fRYbsyEsQRKwqL4fj1muENouWM=
github.com/nobonobo/q16 v0.0.0-20260629173311-acacaa779693/go.mod h1:WieQbm/3jddfhcA7IPu9j4raMIdyWFz1gYzz4A+m+NM=
github.com/pmezard/go-difflib v1.0.0 h1:4DBwDE0NGyQoBHbLQYPwSUPoCMWR5BEzIk/f1lZbAQM=
github.com/pmezard/go-difflib v1.0.0/go.mod h1:iKH77koFhYxTK1pcRnkKkqfTogsbg7gZNVY4sRDYZ/4=
github.com/stretchr/testify v1.8.4 h1:CcVxjf3Q8PM0mHUKJCdn+eZZtm5yQwehR5yeSVQQcUk=
github.com/stretchr/testify v1.8.4/go.mod h1:sz/lmYIOXD/1dqDmKjjqLyZ2RngseejIcXlSw2iwfAo=
go.bug.st/serial v1.6.4 h1:7FmqNPgVp3pu2Jz5PoPtbZ9jJO5gnEnZIvnI1lzve8A=
go.bug.st/serial v1.6.4/go.mod h1:nofMJxTeNVny/m6+KaafC6vJGj3miwQZ6vW4BZUGJPI=
golang.org/x/sys v0.41.0 h1:Ivj+2Cp/ylzLiEU89QhWblYnOE9zerudt9Ftecq2C6k=
golang.org/x/sys v0.41.0/go.mod h1:OgkHotnGiDImocRcuBABYBEXf8A9a87e/uXjp9XT3ks=
gopkg.in/yaml.v3 v3.0.1 h1:fxVm/GzAzEWqLHuvctI91KS9hhNmmWOoWu0XTYJS7CA=
gopkg.in/yaml.v3 v3.0.1/go.mod h1:K4uyk7z7BCEPqu6E+C64Yfv1cQ7kz7rIZviUmN+EgEM=
tinygo.org/x/drivers v0.35.0 h1:cTK36tsI/S4Mg3hCPH0MBjV/ta7XKQ+wpvch4mVqgsE=
tinygo.org/x/drivers v0.35.0/go.mod h1:DQgKyHkB4G6IEOKVTAjApbKnWGwESN91EVJO+nMOE9Y=
